RESTRICTION: == net9.0
NUGET
  remote: https://api.nuget.org/v3/index.json
    Autofac (9.0)
      System.Diagnostics.DiagnosticSource (>= 10.0)
    FSharp.Core (10.0.102)
    MonoGame.Content.Builder.Task (3.8.2.1105)
    MonoGame.Extended (4.0.3)
    MonoGame.Extended.Content.Pipeline (4.0.3)
      Autofac (>= 5.2)
      MonoGame.Extended (>= 4.0.3)
    MonoGame.Framework.DesktopGL (3.8.2.1105)
      MonoGame.Library.SDL (>= 2.26.5.5)
      NVorbis (>= 0.10.4)
    MonoGame.Library.SDL (2.32.10.1)
    NVorbis (0.10.5)
      System.Memory (>= 4.5.3)
      System.ValueTuple (>= 4.5)
    System.Diagnostics.DiagnosticSource (10.0.2)
    System.Memory (4.6.3)
    System.ValueTuple (4.6.1)
    YamlDotNet (16.3)
