
Microsoft Visual Studio Solution File, Format Version 12.00
# Visual Studio Version 16
VisualStudioVersion = 25.0.1700.0
MinimumVisualStudioVersion = 10.0.40219.1
Project("{F2A71F9B-5D33-465A-A702-920D77279786}") = "retro-rpg", "retro-rpg.fsproj", "{ACFA737D-23D7-428B-A1AC-841B0208DD05}"
EndProject
Global
	GlobalSection(SolutionConfigurationPlatforms) = preSolution
		Debug|Any CPU = Debug|Any CPU
		Release|Any CPU = Release|Any CPU
	EndGlobalSection
	GlobalSection(ProjectConfigurationPlatforms) = postSolution
		{ACFA737D-23D7-428B-A1AC-841B0208DD05}.Debug|Any CPU.ActiveCfg = Debug|Any CPU
		{ACFA737D-23D7-428B-A1AC-841B0208DD05}.Debug|Any CPU.Build.0 = Debug|Any CPU
		{ACFA737D-23D7-428B-A1AC-841B0208DD05}.Release|Any CPU.ActiveCfg = Release|Any CPU
		{ACFA737D-23D7-428B-A1AC-841B0208DD05}.Release|Any CPU.Build.0 = Release|Any CPU
	EndGlobalSection
	GlobalSection(SolutionProperties) = preSolution
		HideSolutionNode = FALSE
	EndGlobalSection
	GlobalSection(ExtensibilityGlobals) = postSolution
		SolutionGuid = {118F53A5-7C06-40CD-8F6E-880EC77357B6}
	EndGlobalSection
EndGlobal
